
Microsoft Visual Studio Solution File, Format Version 12.00
# Visual Studio Version 17
VisualStudioVersion = 17.11.35312.102
MinimumVisualStudioVersion = 10.0.40219.1
Project("{FAE04EC0-301F-11D3-BF4B-00C04F79EFBC}") = "demoapp", "demoapp.csproj", "{066FF04F-E4A3-46DC-8575-EAB83258AEB9}"
EndProject
Global
	GlobalSection(SolutionConfigurationPlatforms) = preSolution
		Debug|Any CPU = Debug|Any CPU
		Release|Any CPU = Release|Any CPU
	EndGlobalSection
	GlobalSection(ProjectConfigurationPlatforms) = postSolution
		{066FF04F-E4A3-46DC-8575-EAB83258AEB9}.Debug|Any CPU.ActiveCfg = Debug|Any CPU
		{066FF04F-E4A3-46DC-8575-EAB83258AEB9}.Debug|Any CPU.Build.0 = Debug|Any CPU
		{066FF04F-E4A3-46DC-8575-EAB83258AEB9}.Release|Any CPU.ActiveCfg = Release|Any CPU
		{066FF04F-E4A3-46DC-8575-EAB83258AEB9}.Release|Any CPU.Build.0 = Release|Any CPU
	EndGlobalSection
	GlobalSection(SolutionProperties) = preSolution
		HideSolutionNode = FALSE
	EndGlobalSection
	GlobalSection(ExtensibilityGlobals) = postSolution
		SolutionGuid = {45CE6119-C3EC-47EE-9ED0-599D1569EE2C}
	EndGlobalSection
EndGlobal
