
Microsoft Visual Studio Solution File, Format Version 12.00
# Visual Studio Version 17
VisualStudioVersion = 17.11.35312.102
MinimumVisualStudioVersion = 10.0.40219.1
Project("{FAE04EC0-301F-11D3-BF4B-00C04F79EFBC}") = "backingsystem", "backingsystem.csproj", "{D807F6F4-B410-4046-8D8C-BFD0D06AACEF}"
EndProject
Global
	GlobalSection(SolutionConfigurationPlatforms) = preSolution
		Debug|Any CPU = Debug|Any CPU
		Release|Any CPU = Release|Any CPU
	EndGlobalSection
	GlobalSection(ProjectConfigurationPlatforms) = postSolution
		{D807F6F4-B410-4046-8D8C-BFD0D06AACEF}.Debug|Any CPU.ActiveCfg = Debug|Any CPU
		{D807F6F4-B410-4046-8D8C-BFD0D06AACEF}.Debug|Any CPU.Build.0 = Debug|Any CPU
		{D807F6F4-B410-4046-8D8C-BFD0D06AACEF}.Release|Any CPU.ActiveCfg = Release|Any CPU
		{D807F6F4-B410-4046-8D8C-BFD0D06AACEF}.Release|Any CPU.Build.0 = Release|Any CPU
	EndGlobalSection
	GlobalSection(SolutionProperties) = preSolution
		HideSolutionNode = FALSE
	EndGlobalSection
	GlobalSection(ExtensibilityGlobals) = postSolution
		SolutionGuid = {014643B1-6B1F-48B1-84D6-75B6A5DD62A4}
	EndGlobalSection
EndGlobal
