
Microsoft Visual Studio Solution File, Format Version 12.00
# Visual Studio Version 17
VisualStudioVersion = 17.11.35312.102
MinimumVisualStudioVersion = 10.0.40219.1
Project("{FAE04EC0-301F-11D3-BF4B-00C04F79EFBC}") = "Staticanddynamic", "Staticanddynamic.csproj", "{47BFA5EF-3C2A-4064-B751-507BE3E61C1E}"
EndProject
Global
	GlobalSection(SolutionConfigurationPlatforms) = preSolution
		Debug|Any CPU = Debug|Any CPU
		Release|Any CPU = Release|Any CPU
	EndGlobalSection
	GlobalSection(ProjectConfigurationPlatforms) = postSolution
		{47BFA5EF-3C2A-4064-B751-507BE3E61C1E}.Debug|Any CPU.ActiveCfg = Debug|Any CPU
		{47BFA5EF-3C2A-4064-B751-507BE3E61C1E}.Debug|Any CPU.Build.0 = Debug|Any CPU
		{47BFA5EF-3C2A-4064-B751-507BE3E61C1E}.Release|Any CPU.ActiveCfg = Release|Any CPU
		{47BFA5EF-3C2A-4064-B751-507BE3E61C1E}.Release|Any CPU.Build.0 = Release|Any CPU
	EndGlobalSection
	GlobalSection(SolutionProperties) = preSolution
		HideSolutionNode = FALSE
	EndGlobalSection
	GlobalSection(ExtensibilityGlobals) = postSolution
		SolutionGuid = {CD583EA8-88AB-4C16-A180-7EF77995F3AB}
	EndGlobalSection
EndGlobal
